{
  "name": "solor",
  "version": "1.0.1",
  "lockfileVersion": 2,
  "requires": true,
  "packages": {
    "": {
      "name": "solor",
      "version": "1.0.1",
      "license": "LGPL-3.0",
      "dependencies": {
        "@babel/runtime": "^7.12.0",
        "ark-select": "^1.0.0",
        "eventemitter3": "^4.0.7",
        "sicon": "^1.0.0"
      },
      "devDependencies": {
        "@types/react": ">=16.8.0",
        "classnames": "^2.3.0",
        "react": ">=16.8.0",
        "typescript": "^4.0.0"
      },
      "peerDependencies": {
        "classnames": "^2.3.0",
        "react": ">=16.8.0"
      }
    },
    "node_modules/@babel/runtime": {
      "version": "7.17.2",
      "resolved": "https://registry.npmjs.org/@babel/runtime/-/runtime-7.17.2.tgz",
      "integrity": "sha512-hzeyJyMA1YGdJTuWU0e/j4wKXrU4OMFvY2MSlaI9B7VQb0r5cxTE3EAIS2Q7Tn2RIcDkRvTA/v2JsAEhxe99uw==",
      "dependencies": {
        "regenerator-runtime": "^0.13.4"
      },
      "engines": {
        "node": ">=6.9.0"
      }
    },
    "node_modules/@types/prop-types": {
      "version": "15.7.4",
      "resolved": "https://registry.npmjs.org/@types/prop-types/-/prop-types-15.7.4.tgz",
      "integrity": "sha512-rZ5drC/jWjrArrS8BR6SIr4cWpW09RNTYt9AMZo3Jwwif+iacXAqgVjm0B0Bv/S1jhDXKHqRVNCbACkJ89RAnQ==",
      "dev": true
    },
    "node_modules/@types/react": {
      "version": "17.0.39",
      "resolved": "https://registry.npmjs.org/@types/react/-/react-17.0.39.tgz",
      "integrity": "sha512-UVavlfAxDd/AgAacMa60Azl7ygyQNRwC/DsHZmKgNvPmRR5p70AJ5Q9EAmL2NWOJmeV+vVUI4IAP7GZrN8h8Ug==",
      "dev": true,
      "dependencies": {
        "@types/prop-types": "*",
        "@types/scheduler": "*",
        "csstype": "^3.0.2"
      }
    },
    "node_modules/@types/scheduler": {
      "version": "0.16.2",
      "resolved": "https://registry.npmjs.org/@types/scheduler/-/scheduler-0.16.2.tgz",
      "integrity": "sha512-hppQEBDmlwhFAXKJX2KnWLYu5yMfi91yazPb2l+lbJiwW+wdo1gNeRA+3RgNSO39WYX2euey41KEwnqesU2Jew==",
      "dev": true
    },
    "node_modules/ark-clone": {
      "version": "1.0.0",
      "resolved": "https://registry.npmjs.org/ark-clone/-/ark-clone-1.0.0.tgz",
      "integrity": "sha512-ZtHh3hNmt3F8rEYcO2a05HNrX1/8J2PkpEjJtv6Bl0lxu7JxwlNXa23VZVKI634+jGGkeBHsXNVViFpvzasWJQ==",
      "dependencies": {
        "@babel/runtime": "^7.12.0"
      },
      "peerDependencies": {
        "classnames": "^2.3.0",
        "react": ">=16.8.0"
      }
    },
    "node_modules/ark-popover": {
      "version": "1.0.0",
      "resolved": "https://registry.npmjs.org/ark-popover/-/ark-popover-1.0.0.tgz",
      "integrity": "sha512-tPY4+emgufTt1d2MrRhZQfi8PFkedC9sYlhzUBzOo09T40ny3n/J3vrcoi8/WH3ysvmWc8g/7vGODWrOeLLXpw==",
      "dependencies": {
        "@babel/runtime": "^7.12.0",
        "ark-transition": "^1.0.0",
        "solor": "^1.0.0"
      },
      "peerDependencies": {
        "classnames": "^2.3.0",
        "react": ">=16.8.0"
      }
    },
    "node_modules/ark-select": {
      "version": "1.0.0",
      "resolved": "https://registry.npmjs.org/ark-select/-/ark-select-1.0.0.tgz",
      "integrity": "sha512-GXF4Rg7s3p+cnTUKK6cidUJMETlIJrD6hC7pB5H3wncnOEH3x6hrckajB45eNLGlEOdyWvE/UruclUubuc1ERQ==",
      "dependencies": {
        "@babel/runtime": "^7.12.0",
        "ark-popover": "^1.0.0",
        "sicon": "^1.0.0",
        "solor": "^1.0.0"
      },
      "peerDependencies": {
        "classnames": "^2.3.0",
        "react": ">=16.8.0"
      }
    },
    "node_modules/ark-transition": {
      "version": "1.0.0",
      "resolved": "https://registry.npmjs.org/ark-transition/-/ark-transition-1.0.0.tgz",
      "integrity": "sha512-fIe589MYlOLe7Y4D1Yyy697eG1r+wPWyyhozzk75zOF+9qeZ+zKs1Gxc4yBnmmzVfYnJQvGsghOu/eJkZFifhA==",
      "dependencies": {
        "@babel/runtime": "^7.12.0",
        "ark-clone": "^1.0.0"
      },
      "peerDependencies": {
        "classnames": "^2.3.0",
        "react": ">=16.8.0"
      }
    },
    "node_modules/classnames": {
      "version": "2.3.1",
      "resolved": "https://registry.npmjs.org/classnames/-/classnames-2.3.1.tgz",
      "integrity": "sha512-OlQdbZ7gLfGarSqxesMesDa5uz7KFbID8Kpq/SxIoNGDqY8lSYs0D+hhtBXhcdB3rcbXArFr7vlHheLk1voeNA=="
    },
    "node_modules/csstype": {
      "version": "3.0.11",
      "resolved": "https://registry.npmjs.org/csstype/-/csstype-3.0.11.tgz",
      "integrity": "sha512-sa6P2wJ+CAbgyy4KFssIb/JNMLxFvKF1pCYCSXS8ZMuqZnMsrxqI2E5sPyoTpxoPU/gVZMzr2zjOfg8GIZOMsw==",
      "dev": true
    },
    "node_modules/eventemitter3": {
      "version": "4.0.7",
      "resolved": "https://registry.npmjs.org/eventemitter3/-/eventemitter3-4.0.7.tgz",
      "integrity": "sha512-8guHBZCwKnFhYdHr2ysuRWErTwhoN2X8XELRlrRwpmfeY2jjuUN4taQMsULKUVo1K4DvZl+0pgfyoysHxvmvEw=="
    },
    "node_modules/js-tokens": {
      "version": "4.0.0",
      "resolved": "https://registry.npmjs.org/js-tokens/-/js-tokens-4.0.0.tgz",
      "integrity": "sha512-RdJUflcE3cUzKiMqQgsCu06FPu9UdIJO0beYbPhHN4k6apgJtifcoCtT9bcxOpYBtpD2kCM6Sbzg4CausW/PKQ=="
    },
    "node_modules/loose-envify": {
      "version": "1.4.0",
      "resolved": "https://registry.npmjs.org/loose-envify/-/loose-envify-1.4.0.tgz",
      "integrity": "sha512-lyuxPGr/Wfhrlem2CL/UcnUc1zcqKAImBDzukY7Y5F/yQiNdko6+fRLevlw1HgMySw7f611UIY408EtxRSoK3Q==",
      "dependencies": {
        "js-tokens": "^3.0.0 || ^4.0.0"
      },
      "bin": {
        "loose-envify": "cli.js"
      }
    },
    "node_modules/object-assign": {
      "version": "4.1.1",
      "resolved": "https://registry.npmjs.org/object-assign/-/object-assign-4.1.1.tgz",
      "integrity": "sha1-IQmtx5ZYh8/AXLvUQsrIv7s2CGM=",
      "engines": {
        "node": ">=0.10.0"
      }
    },
    "node_modules/react": {
      "version": "17.0.2",
      "resolved": "https://registry.npmjs.org/react/-/react-17.0.2.tgz",
      "integrity": "sha512-gnhPt75i/dq/z3/6q/0asP78D0u592D5L1pd7M8P+dck6Fu/jJeL6iVVK23fptSUZj8Vjf++7wXA8UNclGQcbA==",
      "dependencies": {
        "loose-envify": "^1.1.0",
        "object-assign": "^4.1.1"
      },
      "engines": {
        "node": ">=0.10.0"
      }
    },
    "node_modules/regenerator-runtime": {
      "version": "0.13.9",
      "resolved": "https://registry.npmjs.org/regenerator-runtime/-/regenerator-runtime-0.13.9.tgz",
      "integrity": "sha512-p3VT+cOEgxFsRRA9X4lkI1E+k2/CtnKtU4gcxyaCUreilL/vqI6CdZ3wxVUx3UOUg+gnUOQQcRI7BmSI656MYA=="
    },
    "node_modules/sicon": {
      "version": "1.0.0",
      "resolved": "https://registry.npmjs.org/sicon/-/sicon-1.0.0.tgz",
      "integrity": "sha512-c3nX8IWzIGyCKFbg8YX44Pq0Vn+RqSPttcZpCvZYib3O9rrbygGTv8rV+v82W56RayWBib09CW6eFzdjBfjqKg==",
      "dependencies": {
        "@babel/runtime": "^7.12.0"
      },
      "peerDependencies": {
        "classnames": "^2.3.0",
        "react": ">=16.8.0"
      }
    },
    "node_modules/solor": {
      "version": "1.0.0",
      "resolved": "https://registry.npmjs.org/solor/-/solor-1.0.0.tgz",
      "integrity": "sha512-w5IvQ1wLOSzMTVAka+RtLFVK1R30S34bafGhjhrFzWkIQ53UQyrS6TY1EQGemwvo6JIMOiH3+tvFJ3L185g0CQ==",
      "dependencies": {
        "@babel/runtime": "^7.12.0",
        "eventemitter3": "^4.0.7",
        "sicon": "^1.0.0",
        "xueyan-react-select": "^1.2.0"
      },
      "peerDependencies": {
        "classnames": "^2.3.0",
        "react": ">=16.8.0"
      }
    },
    "node_modules/typescript": {
      "version": "4.6.2",
      "resolved": "https://registry.npmjs.org/typescript/-/typescript-4.6.2.tgz",
      "integrity": "sha512-HM/hFigTBHZhLXshn9sN37H085+hQGeJHJ/X7LpBWLID/fbc2acUMfU+lGD98X81sKP+pFa9f0DZmCwB9GnbAg==",
      "dev": true,
      "bin": {
        "tsc": "bin/tsc",
        "tsserver": "bin/tsserver"
      },
      "engines": {
        "node": ">=4.2.0"
      }
    },
    "node_modules/xueyan-react-clone": {
      "version": "1.0.0",
      "resolved": "https://registry.npmjs.org/xueyan-react-clone/-/xueyan-react-clone-1.0.0.tgz",
      "integrity": "sha512-rovKlJ5ZP4qDvsN5dhTUQyJZNiuXNeM4vYhxk8TiiBq79k1SFwK9uB5SwkC3+G269QeeUiikEaLNxHCp7+vCcQ==",
      "dependencies": {
        "@babel/runtime": "^7.12.0"
      },
      "peerDependencies": {
        "classnames": "^2.3.0",
        "react": ">=16.8.0"
      }
    },
    "node_modules/xueyan-react-icon": {
      "version": "1.1.2",
      "resolved": "https://registry.npmjs.org/xueyan-react-icon/-/xueyan-react-icon-1.1.2.tgz",
      "integrity": "sha512-A8iBfaqlowj1zB328j+gpcf0DgExBeJICLx2ktHoARjVD6whAVDADQ4D/N39lNf07cakUTSZaQmQ8kDkN311BQ==",
      "dependencies": {
        "@babel/runtime": "^7.12.0"
      },
      "peerDependencies": {
        "classnames": "^2.3.0",
        "react": ">=16.8.0"
      }
    },
    "node_modules/xueyan-react-popover": {
      "version": "1.3.1",
      "resolved": "https://registry.npmjs.org/xueyan-react-popover/-/xueyan-react-popover-1.3.1.tgz",
      "integrity": "sha512-SvCKoTIl0ajGQ8IVte9ZV+OuLPVU9qVcjs4oYToqS+LymORSNlwY3VHFa1igNo8wj6zwb7YwH3C5wjkRY2dipA==",
      "dependencies": {
        "@babel/runtime": "^7.12.0",
        "xueyan-react-style": "^2.0.1",
        "xueyan-react-transition": "^1.0.8"
      },
      "peerDependencies": {
        "classnames": "^2.3.0",
        "react": ">=16.8.0"
      }
    },
    "node_modules/xueyan-react-select": {
      "version": "1.2.0",
      "resolved": "https://registry.npmjs.org/xueyan-react-select/-/xueyan-react-select-1.2.0.tgz",
      "integrity": "sha512-1YExaTv52GzJBtXGbiVfIz8Er6w4eAqZTLKux+7CmPKGjnN55k/5QX0Wjl2dvR+gBommixAPNJdOQ1hO42oe1g==",
      "dependencies": {
        "@babel/runtime": "^7.12.0",
        "xueyan-react-icon": "^1.1.2",
        "xueyan-react-popover": "^1.3.1",
        "xueyan-react-style": "^2.0.1"
      },
      "peerDependencies": {
        "classnames": "^2.3.0",
        "react": ">=16.8.0"
      }
    },
    "node_modules/xueyan-react-style": {
      "version": "2.0.1",
      "resolved": "https://registry.npmjs.org/xueyan-react-style/-/xueyan-react-style-2.0.1.tgz",
      "integrity": "sha512-saxNmaH2iQv3E97NysZP8u/n7yKplF4xyQqNYb8n11W+EehWvqVa/W4VuXHAijVlddc980/8EsvoB4Veh2Jrvg==",
      "dependencies": {
        "@babel/runtime": "^7.12.0",
        "eventemitter3": "^4.0.7",
        "xueyan-react-icon": "^1.1.2",
        "xueyan-react-select": "^1.1.2"
      },
      "peerDependencies": {
        "classnames": "^2.3.0",
        "react": ">=16.8.0"
      }
    },
    "node_modules/xueyan-react-transition": {
      "version": "1.0.8",
      "resolved": "https://registry.npmjs.org/xueyan-react-transition/-/xueyan-react-transition-1.0.8.tgz",
      "integrity": "sha512-qME8mV8y8Yl5b2kTcZgIUxRDWcKz3eDCH3yU+3SlIrX5v1T6fkENtP6bCcZOPD1PtOvxMhRh4tZn5dqA7NGjkg==",
      "dependencies": {
        "@babel/runtime": "^7.12.0",
        "xueyan-react-clone": "^1.0.0"
      },
      "peerDependencies": {
        "classnames": "^2.3.0",
        "react": ">=16.8.0"
      }
    }
  },
  "dependencies": {
    "@babel/runtime": {
      "version": "7.17.2",
      "resolved": "https://registry.npmjs.org/@babel/runtime/-/runtime-7.17.2.tgz",
      "integrity": "sha512-hzeyJyMA1YGdJTuWU0e/j4wKXrU4OMFvY2MSlaI9B7VQb0r5cxTE3EAIS2Q7Tn2RIcDkRvTA/v2JsAEhxe99uw==",
      "requires": {
        "regenerator-runtime": "^0.13.4"
      }
    },
    "@types/prop-types": {
      "version": "15.7.4",
      "resolved": "https://registry.npmjs.org/@types/prop-types/-/prop-types-15.7.4.tgz",
      "integrity": "sha512-rZ5drC/jWjrArrS8BR6SIr4cWpW09RNTYt9AMZo3Jwwif+iacXAqgVjm0B0Bv/S1jhDXKHqRVNCbACkJ89RAnQ==",
      "dev": true
    },
    "@types/react": {
      "version": "17.0.39",
      "resolved": "https://registry.npmjs.org/@types/react/-/react-17.0.39.tgz",
      "integrity": "sha512-UVavlfAxDd/AgAacMa60Azl7ygyQNRwC/DsHZmKgNvPmRR5p70AJ5Q9EAmL2NWOJmeV+vVUI4IAP7GZrN8h8Ug==",
      "dev": true,
      "requires": {
        "@types/prop-types": "*",
        "@types/scheduler": "*",
        "csstype": "^3.0.2"
      }
    },
    "@types/scheduler": {
      "version": "0.16.2",
      "resolved": "https://registry.npmjs.org/@types/scheduler/-/scheduler-0.16.2.tgz",
      "integrity": "sha512-hppQEBDmlwhFAXKJX2KnWLYu5yMfi91yazPb2l+lbJiwW+wdo1gNeRA+3RgNSO39WYX2euey41KEwnqesU2Jew==",
      "dev": true
    },
    "ark-clone": {
      "version": "1.0.0",
      "resolved": "https://registry.npmjs.org/ark-clone/-/ark-clone-1.0.0.tgz",
      "integrity": "sha512-ZtHh3hNmt3F8rEYcO2a05HNrX1/8J2PkpEjJtv6Bl0lxu7JxwlNXa23VZVKI634+jGGkeBHsXNVViFpvzasWJQ==",
      "requires": {
        "@babel/runtime": "^7.12.0"
      }
    },
    "ark-popover": {
      "version": "1.0.0",
      "resolved": "https://registry.npmjs.org/ark-popover/-/ark-popover-1.0.0.tgz",
      "integrity": "sha512-tPY4+emgufTt1d2MrRhZQfi8PFkedC9sYlhzUBzOo09T40ny3n/J3vrcoi8/WH3ysvmWc8g/7vGODWrOeLLXpw==",
      "requires": {
        "@babel/runtime": "^7.12.0",
        "ark-transition": "^1.0.0",
        "solor": "^1.0.0"
      }
    },
    "ark-select": {
      "version": "1.0.0",
      "resolved": "https://registry.npmjs.org/ark-select/-/ark-select-1.0.0.tgz",
      "integrity": "sha512-GXF4Rg7s3p+cnTUKK6cidUJMETlIJrD6hC7pB5H3wncnOEH3x6hrckajB45eNLGlEOdyWvE/UruclUubuc1ERQ==",
      "requires": {
        "@babel/runtime": "^7.12.0",
        "ark-popover": "^1.0.0",
        "sicon": "^1.0.0",
        "solor": "^1.0.0"
      }
    },
    "ark-transition": {
      "version": "1.0.0",
      "resolved": "https://registry.npmjs.org/ark-transition/-/ark-transition-1.0.0.tgz",
      "integrity": "sha512-fIe589MYlOLe7Y4D1Yyy697eG1r+wPWyyhozzk75zOF+9qeZ+zKs1Gxc4yBnmmzVfYnJQvGsghOu/eJkZFifhA==",
      "requires": {
        "@babel/runtime": "^7.12.0",
        "ark-clone": "^1.0.0"
      }
    },
    "classnames": {
      "version": "2.3.1",
      "resolved": "https://registry.npmjs.org/classnames/-/classnames-2.3.1.tgz",
      "integrity": "sha512-OlQdbZ7gLfGarSqxesMesDa5uz7KFbID8Kpq/SxIoNGDqY8lSYs0D+hhtBXhcdB3rcbXArFr7vlHheLk1voeNA=="
    },
    "csstype": {
      "version": "3.0.11",
      "resolved": "https://registry.npmjs.org/csstype/-/csstype-3.0.11.tgz",
      "integrity": "sha512-sa6P2wJ+CAbgyy4KFssIb/JNMLxFvKF1pCYCSXS8ZMuqZnMsrxqI2E5sPyoTpxoPU/gVZMzr2zjOfg8GIZOMsw==",
      "dev": true
    },
    "eventemitter3": {
      "version": "4.0.7",
      "resolved": "https://registry.npmjs.org/eventemitter3/-/eventemitter3-4.0.7.tgz",
      "integrity": "sha512-8guHBZCwKnFhYdHr2ysuRWErTwhoN2X8XELRlrRwpmfeY2jjuUN4taQMsULKUVo1K4DvZl+0pgfyoysHxvmvEw=="
    },
    "js-tokens": {
      "version": "4.0.0",
      "resolved": "https://registry.npmjs.org/js-tokens/-/js-tokens-4.0.0.tgz",
      "integrity": "sha512-RdJUflcE3cUzKiMqQgsCu06FPu9UdIJO0beYbPhHN4k6apgJtifcoCtT9bcxOpYBtpD2kCM6Sbzg4CausW/PKQ=="
    },
    "loose-envify": {
      "version": "1.4.0",
      "resolved": "https://registry.npmjs.org/loose-envify/-/loose-envify-1.4.0.tgz",
      "integrity": "sha512-lyuxPGr/Wfhrlem2CL/UcnUc1zcqKAImBDzukY7Y5F/yQiNdko6+fRLevlw1HgMySw7f611UIY408EtxRSoK3Q==",
      "requires": {
        "js-tokens": "^3.0.0 || ^4.0.0"
      }
    },
    "object-assign": {
      "version": "4.1.1",
      "resolved": "https://registry.npmjs.org/object-assign/-/object-assign-4.1.1.tgz",
      "integrity": "sha1-IQmtx5ZYh8/AXLvUQsrIv7s2CGM="
    },
    "react": {
      "version": "17.0.2",
      "resolved": "https://registry.npmjs.org/react/-/react-17.0.2.tgz",
      "integrity": "sha512-gnhPt75i/dq/z3/6q/0asP78D0u592D5L1pd7M8P+dck6Fu/jJeL6iVVK23fptSUZj8Vjf++7wXA8UNclGQcbA==",
      "requires": {
        "loose-envify": "^1.1.0",
        "object-assign": "^4.1.1"
      }
    },
    "regenerator-runtime": {
      "version": "0.13.9",
      "resolved": "https://registry.npmjs.org/regenerator-runtime/-/regenerator-runtime-0.13.9.tgz",
      "integrity": "sha512-p3VT+cOEgxFsRRA9X4lkI1E+k2/CtnKtU4gcxyaCUreilL/vqI6CdZ3wxVUx3UOUg+gnUOQQcRI7BmSI656MYA=="
    },
    "sicon": {
      "version": "1.0.0",
      "resolved": "https://registry.npmjs.org/sicon/-/sicon-1.0.0.tgz",
      "integrity": "sha512-c3nX8IWzIGyCKFbg8YX44Pq0Vn+RqSPttcZpCvZYib3O9rrbygGTv8rV+v82W56RayWBib09CW6eFzdjBfjqKg==",
      "requires": {
        "@babel/runtime": "^7.12.0"
      }
    },
    "solor": {
      "version": "1.0.0",
      "resolved": "https://registry.npmjs.org/solor/-/solor-1.0.0.tgz",
      "integrity": "sha512-w5IvQ1wLOSzMTVAka+RtLFVK1R30S34bafGhjhrFzWkIQ53UQyrS6TY1EQGemwvo6JIMOiH3+tvFJ3L185g0CQ==",
      "requires": {
        "@babel/runtime": "^7.12.0",
        "eventemitter3": "^4.0.7",
        "sicon": "^1.0.0",
        "xueyan-react-select": "^1.2.0"
      }
    },
    "typescript": {
      "version": "4.6.2",
      "resolved": "https://registry.npmjs.org/typescript/-/typescript-4.6.2.tgz",
      "integrity": "sha512-HM/hFigTBHZhLXshn9sN37H085+hQGeJHJ/X7LpBWLID/fbc2acUMfU+lGD98X81sKP+pFa9f0DZmCwB9GnbAg==",
      "dev": true
    },
    "xueyan-react-clone": {
      "version": "1.0.0",
      "resolved": "https://registry.npmjs.org/xueyan-react-clone/-/xueyan-react-clone-1.0.0.tgz",
      "integrity": "sha512-rovKlJ5ZP4qDvsN5dhTUQyJZNiuXNeM4vYhxk8TiiBq79k1SFwK9uB5SwkC3+G269QeeUiikEaLNxHCp7+vCcQ==",
      "requires": {
        "@babel/runtime": "^7.12.0"
      }
    },
    "xueyan-react-icon": {
      "version": "1.1.2",
      "resolved": "https://registry.npmjs.org/xueyan-react-icon/-/xueyan-react-icon-1.1.2.tgz",
      "integrity": "sha512-A8iBfaqlowj1zB328j+gpcf0DgExBeJICLx2ktHoARjVD6whAVDADQ4D/N39lNf07cakUTSZaQmQ8kDkN311BQ==",
      "requires": {
        "@babel/runtime": "^7.12.0"
      }
    },
    "xueyan-react-popover": {
      "version": "1.3.1",
      "resolved": "https://registry.npmjs.org/xueyan-react-popover/-/xueyan-react-popover-1.3.1.tgz",
      "integrity": "sha512-SvCKoTIl0ajGQ8IVte9ZV+OuLPVU9qVcjs4oYToqS+LymORSNlwY3VHFa1igNo8wj6zwb7YwH3C5wjkRY2dipA==",
      "requires": {
        "@babel/runtime": "^7.12.0",
        "xueyan-react-style": "^2.0.1",
        "xueyan-react-transition": "^1.0.8"
      }
    },
    "xueyan-react-select": {
      "version": "1.2.0",
      "resolved": "https://registry.npmjs.org/xueyan-react-select/-/xueyan-react-select-1.2.0.tgz",
      "integrity": "sha512-1YExaTv52GzJBtXGbiVfIz8Er6w4eAqZTLKux+7CmPKGjnN55k/5QX0Wjl2dvR+gBommixAPNJdOQ1hO42oe1g==",
      "requires": {
        "@babel/runtime": "^7.12.0",
        "xueyan-react-icon": "^1.1.2",
        "xueyan-react-popover": "^1.3.1",
        "xueyan-react-style": "^2.0.1"
      }
    },
    "xueyan-react-style": {
      "version": "2.0.1",
      "resolved": "https://registry.npmjs.org/xueyan-react-style/-/xueyan-react-style-2.0.1.tgz",
      "integrity": "sha512-saxNmaH2iQv3E97NysZP8u/n7yKplF4xyQqNYb8n11W+EehWvqVa/W4VuXHAijVlddc980/8EsvoB4Veh2Jrvg==",
      "requires": {
        "@babel/runtime": "^7.12.0",
        "eventemitter3": "^4.0.7",
        "xueyan-react-icon": "^1.1.2",
        "xueyan-react-select": "^1.1.2"
      }
    },
    "xueyan-react-transition": {
      "version": "1.0.8",
      "resolved": "https://registry.npmjs.org/xueyan-react-transition/-/xueyan-react-transition-1.0.8.tgz",
      "integrity": "sha512-qME8mV8y8Yl5b2kTcZgIUxRDWcKz3eDCH3yU+3SlIrX5v1T6fkENtP6bCcZOPD1PtOvxMhRh4tZn5dqA7NGjkg==",
      "requires": {
        "@babel/runtime": "^7.12.0",
        "xueyan-react-clone": "^1.0.0"
      }
    }
  }
}
